// !$*UTF8*$!
{
	archiveVersion = 1;
	classes = {
	};
	objectVersion = 50;
	objects = {

/* Begin PBXBuildFile section */
		06123956209FDD3E00FDD1B2 /* GoogleService-Info.plist in Resources */ = {isa = PBXBuildFile; fileRef = 06123955209FDD3E00FDD1B2 /* GoogleService-Info.plist */; };
		0627369F20B2F9F2003393B0 /* CommentViewController.swift in Sources */ = {isa = PBXBuildFile; fileRef = 0627369E20B2F9F2003393B0 /* CommentViewController.swift */; };
		06500E46209B4FBD00C2DC9C /* AppDelegate.swift in Sources */ = {isa = PBXBuildFile; fileRef = 06500E45209B4FBD00C2DC9C /* AppDelegate.swift */; };
		06500E48209B4FBD00C2DC9C /* ViewController.swift in Sources */ = {isa = PBXBuildFile; fileRef = 06500E47209B4FBD00C2DC9C /* ViewController.swift */; };
		06500E4B209B4FBD00C2DC9C /* Main.storyboard in Resources */ = {isa = PBXBuildFile; fileRef = 06500E49209B4FBD00C2DC9C /* Main.storyboard */; };
		06500E4D209B4FC300C2DC9C /* Assets.xcassets in Resources */ = {isa = PBXBuildFile; fileRef = 06500E4C209B4FC300C2DC9C /* Assets.xcassets */; };
		06500E50209B4FC300C2DC9C /* LaunchScreen.storyboard in Resources */ = {isa = PBXBuildFile; fileRef = 06500E4E209B4FC300C2DC9C /* LaunchScreen.storyboard */; };
		06500E58209B50A700C2DC9C /* LoginViewController.swift in Sources */ = {isa = PBXBuildFile; fileRef = 06500E57209B50A700C2DC9C /* LoginViewController.swift */; };
		06500E5A209B50BC00C2DC9C /* HomeViewController.swift in Sources */ = {isa = PBXBuildFile; fileRef = 06500E59209B50BC00C2DC9C /* HomeViewController.swift */; };
		06500E5C209B50CF00C2DC9C /* ImageSelectViewController.swift in Sources */ = {isa = PBXBuildFile; fileRef = 06500E5B209B50CF00C2DC9C /* ImageSelectViewController.swift */; };
		06500E5E209B50E600C2DC9C /* PostViewController.swift in Sources */ = {isa = PBXBuildFile; fileRef = 06500E5D209B50E600C2DC9C /* PostViewController.swift */; };
		06500E60209B50F800C2DC9C /* SettingViewController.swift in Sources */ = {isa = PBXBuildFile; fileRef = 06500E5F209B50F800C2DC9C /* SettingViewController.swift */; };
		065395F320A0541A00623526 /* Const.swift in Sources */ = {isa = PBXBuildFile; fileRef = 065395F220A0541A00623526 /* Const.swift */; };
		065395F520A058E800623526 /* PostData.swift in Sources */ = {isa = PBXBuildFile; fileRef = 065395F420A058E800623526 /* PostData.swift */; };
		065395F820A05B6F00623526 /* PostTableViewCell.swift in Sources */ = {isa = PBXBuildFile; fileRef = 065395F620A05B6F00623526 /* PostTableViewCell.swift */; };
		065395F920A05B6F00623526 /* PostTableViewCell.xib in Resources */ = {isa = PBXBuildFile; fileRef = 065395F720A05B6F00623526 /* PostTableViewCell.xib */; };
		069DBB0720B29B1000CE98F7 /* CommentData.swift in Sources */ = {isa = PBXBuildFile; fileRef = 069DBB0620B29B1000CE98F7 /* CommentData.swift */; };
		3415AFA6B37F403634C5C302 /* Pods_Instagram.framework in Frameworks */ = {isa = PBXBuildFile; fileRef = 650231CF2BA8FD2AA5653896 /* Pods_Instagram.framework */; };
/* End PBXBuildFile section */

/* Begin PBXFileReference section */
		06123955209FDD3E00FDD1B2 /* GoogleService-Info.plist */ = {isa = PBXFileReference; fileEncoding = 4; lastKnownFileType = text.plist.xml; path = "GoogleService-Info.plist"; sourceTree = "<group>"; };
		0627369E20B2F9F2003393B0 /* CommentViewController.swift */ = {isa = PBXFileReference; lastKnownFileType = sourcecode.swift; path = CommentViewController.swift; sourceTree = "<group>"; };
		06500E42209B4FBD00C2DC9C /* Instagram.app */ = {isa = PBXFileReference; explicitFileType = wrapper.application; includeInIndex = 0; path = Instagram.app; sourceTree = BUILT_PRODUCTS_DIR; };
		06500E45209B4FBD00C2DC9C /* AppDelegate.swift */ = {isa = PBXFileReference; lastKnownFileType = sourcecode.swift; path = AppDelegate.swift; sourceTree = "<group>"; };
		06500E47209B4FBD00C2DC9C /* ViewController.swift */ = {isa = PBXFileReference; lastKnownFileType = sourcecode.swift; path = ViewController.swift; sourceTree = "<group>"; };
		06500E4A209B4FBD00C2DC9C /* Base */ = {isa = PBXFileReference; lastKnownFileType = file.storyboard; name = Base; path = Base.lproj/Main.storyboard; sourceTree = "<group>"; };
		06500E4C209B4FC300C2DC9C /* Assets.xcassets */ = {isa = PBXFileReference; lastKnownFileType = folder.assetcatalog; path = Assets.xcassets; sourceTree = "<group>"; };
		06500E4F209B4FC300C2DC9C /* Base */ = {isa = PBXFileReference; lastKnownFileType = file.storyboard; name = Base; path = Base.lproj/LaunchScreen.storyboard; sourceTree = "<group>"; };
		06500E51209B4FC300C2DC9C /* Info.plist */ = {isa = PBXFileReference; lastKnownFileType = text.plist.xml; path = Info.plist; sourceTree = "<group>"; };
		06500E57209B50A700C2DC9C /* LoginViewController.swift */ = {isa = PBXFileReference; lastKnownFileType = sourcecode.swift; path = LoginViewController.swift; sourceTree = "<group>"; };
		06500E59209B50BC00C2DC9C /* HomeViewController.swift */ = {isa = PBXFileReference; lastKnownFileType = sourcecode.swift; path = HomeViewController.swift; sourceTree = "<group>"; };
		06500E5B209B50CF00C2DC9C /* ImageSelectViewController.swift */ = {isa = PBXFileReference; lastKnownFileType = sourcecode.swift; path = ImageSelectViewController.swift; sourceTree = "<group>"; };
		06500E5D209B50E600C2DC9C /* PostViewController.swift */ = {isa = PBXFileReference; lastKnownFileType = sourcecode.swift; path = PostViewController.swift; sourceTree = "<group>"; };
		06500E5F209B50F800C2DC9C /* SettingViewController.swift */ = {isa = PBXFileReference; lastKnownFileType = sourcecode.swift; path = SettingViewController.swift; sourceTree = "<group>"; };
		065395F220A0541A00623526 /* Const.swift */ = {isa = PBXFileReference; lastKnownFileType = sourcecode.swift; path = Const.swift; sourceTree = "<group>"; };
		065395F420A058E800623526 /* PostData.swift */ = {isa = PBXFileReference; lastKnownFileType = sourcecode.swift; path = PostData.swift; sourceTree = "<group>"; };
		065395F620A05B6F00623526 /* PostTableViewCell.swift */ = {isa = PBXFileReference; lastKnownFileType = sourcecode.swift; path = PostTableViewCell.swift; sourceTree = "<group>"; };
		065395F720A05B6F00623526 /* PostTableViewCell.xib */ = {isa = PBXFileReference; lastKnownFileType = file.xib; path = PostTableViewCell.xib; sourceTree = "<group>"; };
		069DBB0620B29B1000CE98F7 /* CommentData.swift */ = {isa = PBXFileReference; lastKnownFileType = sourcecode.swift; path = CommentData.swift; sourceTree = "<group>"; };
		650231CF2BA8FD2AA5653896 /* Pods_Instagram.framework */ = {isa = PBXFileReference; explicitFileType = wrapper.framework; includeInIndex = 0; path = Pods_Instagram.framework; sourceTree = BUILT_PRODUCTS_DIR; };
		6D162A7BA66F98CD26AAEAA1 /* Pods-Instagram.debug.xcconfig */ = {isa = PBXFileReference; includeInIndex = 1; lastKnownFileType = text.xcconfig; name = "Pods-Instagram.debug.xcconfig"; path = "Pods/Target Support Files/Pods-Instagram/Pods-Instagram.debug.xcconfig"; sourceTree = "<group>"; };
		D6B26025FD18B4C451A477B8 /* Pods-Instagram.release.xcconfig */ = {isa = PBXFileReference; includeInIndex = 1; lastKnownFileType = text.xcconfig; name = "Pods-Instagram.release.xcconfig"; path = "Pods/Target Support Files/Pods-Instagram/Pods-Instagram.release.xcconfig"; sourceTree = "<group>"; };
/* End PBXFileReference section */

/* Begin PBXFrameworksBuildPhase section */
		06500E3F209B4FBD00C2DC9C /* Frameworks */ = {
			isa = PBXFrameworksBuildPhase;
			buildActionMask = 2147483647;
			files = (
				3415AFA6B37F403634C5C302 /* Pods_Instagram.framework in Frameworks */,
			);
			runOnlyForDeploymentPostprocessing = 0;
		};
/* End PBXFrameworksBuildPhase section */

/* Begin PBXGroup section */
		06500E39209B4FBD00C2DC9C = {
			isa = PBXGroup;
			children = (
				06500E44209B4FBD00C2DC9C /* Instagram */,
				06500E43209B4FBD00C2DC9C /* Products */,
				951FE5D2DF5DA00D44731A0D /* Pods */,
				4F152776CDDC71D445AEA7F9 /* Frameworks */,
			);
			sourceTree = "<group>";
		};
		06500E43209B4FBD00C2DC9C /* Products */ = {
			isa = PBXGroup;
			children = (
				06500E42209B4FBD00C2DC9C /* Instagram.app */,
			);
			name = Products;
			sourceTree = "<group>";
		};
		06500E44209B4FBD00C2DC9C /* Instagram */ = {
			isa = PBXGroup;
			children = (
				06500E45209B4FBD00C2DC9C /* AppDelegate.swift */,
				06500E47209B4FBD00C2DC9C /* ViewController.swift */,
				06500E4C209B4FC300C2DC9C /* Assets.xcassets */,
				06500E49209B4FBD00C2DC9C /* Main.storyboard */,
				06500E4E209B4FC300C2DC9C /* LaunchScreen.storyboard */,
				06500E51209B4FC300C2DC9C /* Info.plist */,
				06123955209FDD3E00FDD1B2 /* GoogleService-Info.plist */,
				06500E57209B50A700C2DC9C /* LoginViewController.swift */,
				06500E59209B50BC00C2DC9C /* HomeViewController.swift */,
				06500E5B209B50CF00C2DC9C /* ImageSelectViewController.swift */,
				06500E5D209B50E600C2DC9C /* PostViewController.swift */,
				06500E5F209B50F800C2DC9C /* SettingViewController.swift */,
				065395F220A0541A00623526 /* Const.swift */,
				065395F420A058E800623526 /* PostData.swift */,
				065395F620A05B6F00623526 /* PostTableViewCell.swift */,
				065395F720A05B6F00623526 /* PostTableViewCell.xib */,
				069DBB0620B29B1000CE98F7 /* CommentData.swift */,
				0627369E20B2F9F2003393B0 /* CommentViewController.swift */,
			);
			path = Instagram;
			sourceTree = "<group>";
		};
		4F152776CDDC71D445AEA7F9 /* Frameworks */ = {
			isa = PBXGroup;
			children = (
				650231CF2BA8FD2AA5653896 /* Pods_Instagram.framework */,
			);
			name = Frameworks;
			sourceTree = "<group>";
		};
		951FE5D2DF5DA00D44731A0D /* Pods */ = {
			isa = PBXGroup;
			children = (
				6D162A7BA66F98CD26AAEAA1 /* Pods-Instagram.debug.xcconfig */,
				D6B26025FD18B4C451A477B8 /* Pods-Instagram.release.xcconfig */,
			);
			name = Pods;
			sourceTree = "<group>";
		};
/* End PBXGroup section */

/* Begin PBXNativeTarget section */
		06500E41209B4FBD00C2DC9C /* Instagram */ = {
			isa = PBXNativeTarget;
			buildConfigurationList = 06500E54209B4FC300C2DC9C /* Build configuration list for PBXNativeTarget "Instagram" */;
			buildPhases = (
				0882FE67D713FC1206CECF18 /* [CP] Check Pods Manifest.lock */,
				06500E3E209B4FBD00C2DC9C /* Sources */,
				06500E3F209B4FBD00C2DC9C /* Frameworks */,
				06500E40209B4FBD00C2DC9C /* Resources */,
				D9E2CBC9F2A6890575FA3364 /* [CP] Embed Pods Frameworks */,
			);
			buildRules = (
			);
			dependencies = (
			);
			name = Instagram;
			productName = Instagram;
			productReference = 06500E42209B4FBD00C2DC9C /* Instagram.app */;
			productType = "com.apple.product-type.application";
		};
/* End PBXNativeTarget section */

/* Begin PBXProject section */
		06500E3A209B4FBD00C2DC9C /* Project object */ = {
			isa = PBXProject;
			attributes = {
				LastSwiftUpdateCheck = 0930;
				LastUpgradeCheck = 0930;
				ORGANIZATIONNAME = keiichi.funatsuki;
				TargetAttributes = {
					06500E41209B4FBD00C2DC9C = {
						CreatedOnToolsVersion = 9.3;
					};
				};
			};
			buildConfigurationList = 06500E3D209B4FBD00C2DC9C /* Build configuration list for PBXProject "Instagram" */;
			compatibilityVersion = "Xcode 9.3";
			developmentRegion = en;
			hasScannedForEncodings = 0;
			knownRegions = (
				en,
				Base,
			);
			mainGroup = 06500E39209B4FBD00C2DC9C;
			productRefGroup = 06500E43209B4FBD00C2DC9C /* Products */;
			projectDirPath = "";
			projectRoot = "";
			targets = (
				06500E41209B4FBD00C2DC9C /* Instagram */,
			);
		};
/* End PBXProject section */

/* Begin PBXResourcesBuildPhase section */
		06500E40209B4FBD00C2DC9C /* Resources */ = {
			isa = PBXResourcesBuildPhase;
			buildActionMask = 2147483647;
			files = (
				06500E50209B4FC300C2DC9C /* LaunchScreen.storyboard in Resources */,
				065395F920A05B6F00623526 /* PostTableViewCell.xib in Resources */,
				06123956209FDD3E00FDD1B2 /* GoogleService-Info.plist in Resources */,
				06500E4D209B4FC300C2DC9C /* Assets.xcassets in Resources */,
				06500E4B209B4FBD00C2DC9C /* Main.storyboard in Resources */,
			);
			runOnlyForDeploymentPostprocessing = 0;
		};
/* End PBXResourcesBuildPhase section */

/* Begin PBXShellScriptBuildPhase section */
		0882FE67D713FC1206CECF18 /* [CP] Check Pods Manifest.lock */ = {
			isa = PBXShellScriptBuildPhase;
			buildActionMask = 2147483647;
			files = (
			);
			inputPaths = (
				"${PODS_PODFILE_DIR_PATH}/Podfile.lock",
				"${PODS_ROOT}/Manifest.lock",
			);
			name = "[CP] Check Pods Manifest.lock";
			outputPaths = (
				"$(DERIVED_FILE_DIR)/Pods-Instagram-checkManifestLockResult.txt",
			);
			runOnlyForDeploymentPostprocessing = 0;
			shellPath = /bin/sh;
			shellScript = "diff \"${PODS_PODFILE_DIR_PATH}/Podfile.lock\" \"${PODS_ROOT}/Manifest.lock\" > /dev/null\nif [ $? != 0 ] ; then\n    # print error to STDERR\n    echo \"error: The sandbox is not in sync with the Podfile.lock. Run 'pod install' or update your CocoaPods installation.\" >&2\n    exit 1\nfi\n# This output is used by Xcode 'outputs' to avoid re-running this script phase.\necho \"SUCCESS\" > \"${SCRIPT_OUTPUT_FILE_0}\"\n";
			showEnvVarsInLog = 0;
		};
		D9E2CBC9F2A6890575FA3364 /* [CP] Embed Pods Frameworks */ = {
			isa = PBXShellScriptBuildPhase;
			buildActionMask = 2147483647;
			files = (
			);
			inputPaths = (
				"${SRCROOT}/Pods/Target Support Files/Pods-Instagram/Pods-Instagram-frameworks.sh",
				"${BUILT_PRODUCTS_DIR}/CLImageEditor/CLImageEditor.framework",
				"${BUILT_PRODUCTS_DIR}/ESTabBarController/ESTabBarController.framework",
				"${BUILT_PRODUCTS_DIR}/GTMSessionFetcher/GTMSessionFetcher.framework",
				"${BUILT_PRODUCTS_DIR}/GoogleToolboxForMac/GoogleToolboxForMac.framework",
				"${BUILT_PRODUCTS_DIR}/SVProgressHUD/SVProgressHUD.framework",
				"${BUILT_PRODUCTS_DIR}/leveldb-library/leveldb.framework",
				"${BUILT_PRODUCTS_DIR}/nanopb/nanopb.framework",
			);
			name = "[CP] Embed Pods Frameworks";
			outputPaths = (
				"${TARGET_BUILD_DIR}/${FRAMEWORKS_FOLDER_PATH}/CLImageEditor.framework",
				"${TARGET_BUILD_DIR}/${FRAMEWORKS_FOLDER_PATH}/ESTabBarController.framework",
				"${TARGET_BUILD_DIR}/${FRAMEWORKS_FOLDER_PATH}/GTMSessionFetcher.framework",
				"${TARGET_BUILD_DIR}/${FRAMEWORKS_FOLDER_PATH}/GoogleToolboxForMac.framework",
				"${TARGET_BUILD_DIR}/${FRAMEWORKS_FOLDER_PATH}/SVProgressHUD.framework",
				"${TARGET_BUILD_DIR}/${FRAMEWORKS_FOLDER_PATH}/leveldb.framework",
				"${TARGET_BUILD_DIR}/${FRAMEWORKS_FOLDER_PATH}/nanopb.framework",
			);
			runOnlyForDeploymentPostprocessing = 0;
			shellPath = /bin/sh;
			shellScript = "\"${SRCROOT}/Pods/Target Support Files/Pods-Instagram/Pods-Instagram-frameworks.sh\"\n";
			showEnvVarsInLog = 0;
		};
/* End PBXShellScriptBuildPhase section */

/* Begin PBXSourcesBuildPhase section */
		06500E3E209B4FBD00C2DC9C /* Sources */ = {
			isa = PBXSourcesBuildPhase;
			buildActionMask = 2147483647;
			files = (
				06500E5E209B50E600C2DC9C /* PostViewController.swift in Sources */,
				069DBB0720B29B1000CE98F7 /* CommentData.swift in Sources */,
				065395F520A058E800623526 /* PostData.swift in Sources */,
				06500E58209B50A700C2DC9C /* LoginViewController.swift in Sources */,
				06500E48209B4FBD00C2DC9C /* ViewController.swift in Sources */,
				06500E46209B4FBD00C2DC9C /* AppDelegate.swift in Sources */,
				06500E5C209B50CF00C2DC9C /* ImageSelectViewController.swift in Sources */,
				065395F320A0541A00623526 /* Const.swift in Sources */,
				0627369F20B2F9F2003393B0 /* CommentViewController.swift in Sources */,
				065395F820A05B6F00623526 /* PostTableViewCell.swift in Sources */,
				06500E60209B50F800C2DC9C /* SettingViewController.swift in Sources */,
				06500E5A209B50BC00C2DC9C /* HomeViewController.swift in Sources */,
			);
			runOnlyForDeploymentPostprocessing = 0;
		};
/* End PBXSourcesBuildPhase section */

/* Begin PBXVariantGroup section */
		06500E49209B4FBD00C2DC9C /* Main.storyboard */ = {
			isa = PBXVariantGroup;
			children = (
				06500E4A209B4FBD00C2DC9C /* Base */,
			);
			name = Main.storyboard;
			sourceTree = "<group>";
		};
		06500E4E209B4FC300C2DC9C /* LaunchScreen.storyboard */ = {
			isa = PBXVariantGroup;
			children = (
				06500E4F209B4FC300C2DC9C /* Base */,
			);
			name = LaunchScreen.storyboard;
			sourceTree = "<group>";
		};
/* End PBXVariantGroup section */

/* Begin XCBuildConfiguration section */
		06500E52209B4FC300C2DC9C /* Debug */ = {
			isa = XCBuildConfiguration;
			buildSettings = {
				ALWAYS_SEARCH_USER_PATHS = NO;
				CLANG_ANALYZER_NONNULL = YES;
				CLANG_ANALYZER_NUMBER_OBJECT_CONVERSION = YES_AGGRESSIVE;
				CLANG_CXX_LANGUAGE_STANDARD = "gnu++14";
				CLANG_CXX_LIBRARY = "libc++";
				CLANG_ENABLE_MODULES = YES;
				CLANG_ENABLE_OBJC_ARC = YES;
				CLANG_ENABLE_OBJC_WEAK = YES;
				CLANG_WARN_BLOCK_CAPTURE_AUTORELEASING = YES;
				CLANG_WARN_BOOL_CONVERSION = YES;
				CLANG_WARN_COMMA = YES;
				CLANG_WARN_CONSTANT_CONVERSION = YES;
				CLANG_WARN_DEPRECATED_OBJC_IMPLEMENTATIONS = YES;
				CLANG_WARN_DIRECT_OBJC_ISA_USAGE = YES_ERROR;
				CLANG_WARN_DOCUMENTATION_COMMENTS = YES;
				CLANG_WARN_EMPTY_BODY = YES;
				CLANG_WARN_ENUM_CONVERSION = YES;
				CLANG_WARN_INFINITE_RECURSION = YES;
				CLANG_WARN_INT_CONVERSION = YES;
				CLANG_WARN_NON_LITERAL_NULL_CONVERSION = YES;
				CLANG_WARN_OBJC_IMPLICIT_RETAIN_SELF = YES;
				CLANG_WARN_OBJC_LITERAL_CONVERSION = YES;
				CLANG_WARN_OBJC_ROOT_CLASS = YES_ERROR;
				CLANG_WARN_RANGE_LOOP_ANALYSIS = YES;
				CLANG_WARN_STRICT_PROTOTYPES = YES;
				CLANG_WARN_SUSPICIOUS_MOVE = YES;
				CLANG_WARN_UNGUARDED_AVAILABILITY = YES_AGGRESSIVE;
				CLANG_WARN_UNREACHABLE_CODE = YES;
				CLANG_WARN__DUPLICATE_METHOD_MATCH = YES;
				CODE_SIGN_IDENTITY = "iPhone Developer";
				COPY_PHASE_STRIP = NO;
				DEBUG_INFORMATION_FORMAT = dwarf;
				ENABLE_STRICT_OBJC_MSGSEND = YES;
				ENABLE_TESTABILITY = YES;
				GCC_C_LANGUAGE_STANDARD = gnu11;
				GCC_DYNAMIC_NO_PIC = NO;
				GCC_NO_COMMON_BLOCKS = YES;
				GCC_OPTIMIZATION_LEVEL = 0;
				GCC_PREPROCESSOR_DEFINITIONS = (
					"DEBUG=1",
					"$(inherited)",
				);
				GCC_WARN_64_TO_32_BIT_CONVERSION = YES;
				GCC_WARN_ABOUT_RETURN_TYPE = YES_ERROR;
				GCC_WARN_UNDECLARED_SELECTOR = YES;
				GCC_WARN_UNINITIALIZED_AUTOS = YES_AGGRESSIVE;
				GCC_WARN_UNUSED_FUNCTION = YES;
				GCC_WARN_UNUSED_VARIABLE = YES;
				IPHONEOS_DEPLOYMENT_TARGET = 11.3;
				MTL_ENABLE_DEBUG_INFO = YES;
				ONLY_ACTIVE_ARCH = YES;
				SDKROOT = iphoneos;
				SWIFT_ACTIVE_COMPILATION_CONDITIONS = DEBUG;
				SWIFT_OPTIMIZATION_LEVEL = "-Onone";
			};
			name = Debug;
		};
		06500E53209B4FC300C2DC9C /* Release */ = {
			isa = XCBuildConfiguration;
			buildSettings = {
				ALWAYS_SEARCH_USER_PATHS = NO;
				CLANG_ANALYZER_NONNULL = YES;
				CLANG_ANALYZER_NUMBER_OBJECT_CONVERSION = YES_AGGRESSIVE;
				CLANG_CXX_LANGUAGE_STANDARD = "gnu++14";
				CLANG_CXX_LIBRARY = "libc++";
				CLANG_ENABLE_MODULES = YES;
				CLANG_ENABLE_OBJC_ARC = YES;
				CLANG_ENABLE_OBJC_WEAK = YES;
				CLANG_WARN_BLOCK_CAPTURE_AUTORELEASING = YES;
				CLANG_WARN_BOOL_CONVERSION = YES;
				CLANG_WARN_COMMA = YES;
				CLANG_WARN_CONSTANT_CONVERSION = YES;
				CLANG_WARN_DEPRECATED_OBJC_IMPLEMENTATIONS = YES;
				CLANG_WARN_DIRECT_OBJC_ISA_USAGE = YES_ERROR;
				CLANG_WARN_DOCUMENTATION_COMMENTS = YES;
				CLANG_WARN_EMPTY_BODY = YES;
				CLANG_WARN_ENUM_CONVERSION = YES;
				CLANG_WARN_INFINITE_RECURSION = YES;
				CLANG_WARN_INT_CONVERSION = YES;
				CLANG_WARN_NON_LITERAL_NULL_CONVERSION = YES;
				CLANG_WARN_OBJC_IMPLICIT_RETAIN_SELF = YES;
				CLANG_WARN_OBJC_LITERAL_CONVERSION = YES;
				CLANG_WARN_OBJC_ROOT_CLASS = YES_ERROR;
				CLANG_WARN_RANGE_LOOP_ANALYSIS = YES;
				CLANG_WARN_STRICT_PROTOTYPES = YES;
				CLANG_WARN_SUSPICIOUS_MOVE = YES;
				CLANG_WARN_UNGUARDED_AVAILABILITY = YES_AGGRESSIVE;
				CLANG_WARN_UNREACHABLE_CODE = YES;
				CLANG_WARN__DUPLICATE_METHOD_MATCH = YES;
				CODE_SIGN_IDENTITY = "iPhone Developer";
				COPY_PHASE_STRIP = NO;
				DEBUG_INFORMATION_FORMAT = "dwarf-with-dsym";
				ENABLE_NS_ASSERTIONS = NO;
				ENABLE_STRICT_OBJC_MSGSEND = YES;
				GCC_C_LANGUAGE_STANDARD = gnu11;
				GCC_NO_COMMON_BLOCKS = YES;
				GCC_WARN_64_TO_32_BIT_CONVERSION = YES;
				GCC_WARN_ABOUT_RETURN_TYPE = YES_ERROR;
				GCC_WARN_UNDECLARED_SELECTOR = YES;
				GCC_WARN_UNINITIALIZED_AUTOS = YES_AGGRESSIVE;
				GCC_WARN_UNUSED_FUNCTION = YES;
				GCC_WARN_UNUSED_VARIABLE = YES;
				IPHONEOS_DEPLOYMENT_TARGET = 11.3;
				MTL_ENABLE_DEBUG_INFO = NO;
				SDKROOT = iphoneos;
				SWIFT_COMPILATION_MODE = wholemodule;
				SWIFT_OPTIMIZATION_LEVEL = "-O";
				VALIDATE_PRODUCT = YES;
			};
			name = Release;
		};
		06500E55209B4FC300C2DC9C /* Debug */ = {
			isa = XCBuildConfiguration;
			baseConfigurationReference = 6D162A7BA66F98CD26AAEAA1 /* Pods-Instagram.debug.xcconfig */;
			buildSettings = {
				ASSETCATALOG_COMPILER_APPICON_NAME = AppIcon;
				CODE_SIGN_STYLE = Automatic;
				DEVELOPMENT_TEAM = LRV8933FJX;
				INFOPLIST_FILE = Instagram/Info.plist;
				LD_RUNPATH_SEARCH_PATHS = (
					"$(inherited)",
					"@executable_path/Frameworks",
				);
				PRODUCT_BUNDLE_IDENTIFIER = jp.techacademy.keiichi.funatsuki.Instagram;
				PRODUCT_NAME = "$(TARGET_NAME)";
				SWIFT_VERSION = 4.0;
				TARGETED_DEVICE_FAMILY = 1;
			};
			name = Debug;
		};
		06500E56209B4FC300C2DC9C /* Release */ = {
			isa = XCBuildConfiguration;
			baseConfigurationReference = D6B26025FD18B4C451A477B8 /* Pods-Instagram.release.xcconfig */;
			buildSettings = {
				ASSETCATALOG_COMPILER_APPICON_NAME = AppIcon;
				CODE_SIGN_STYLE = Automatic;
				DEVELOPMENT_TEAM = LRV8933FJX;
				INFOPLIST_FILE = Instagram/Info.plist;
				LD_RUNPATH_SEARCH_PATHS = (
					"$(inherited)",
					"@executable_path/Frameworks",
				);
				PRODUCT_BUNDLE_IDENTIFIER = jp.techacademy.keiichi.funatsuki.Instagram;
				PRODUCT_NAME = "$(TARGET_NAME)";
				SWIFT_VERSION = 4.0;
				TARGETED_DEVICE_FAMILY = 1;
			};
			name = Release;
		};
/* End XCBuildConfiguration section */

/* Begin XCConfigurationList section */
		06500E3D209B4FBD00C2DC9C /* Build configuration list for PBXProject "Instagram" */ = {
			isa = XCConfigurationList;
			buildConfigurations = (
				06500E52209B4FC300C2DC9C /* Debug */,
				06500E53209B4FC300C2DC9C /* Release */,
			);
			defaultConfigurationIsVisible = 0;
			defaultConfigurationName = Release;
		};
		06500E54209B4FC300C2DC9C /* Build configuration list for PBXNativeTarget "Instagram" */ = {
			isa = XCConfigurationList;
			buildConfigurations = (
				06500E55209B4FC300C2DC9C /* Debug */,
				06500E56209B4FC300C2DC9C /* Release */,
			);
			defaultConfigurationIsVisible = 0;
			defaultConfigurationName = Release;
		};
/* End XCConfigurationList section */
	};
	rootObject = 06500E3A209B4FBD00C2DC9C /* Project object */;
}
